Microsoft Visual Studio Solution File, Format Version 11.00
# Visual Studio 2008

Project("{F8D2323A-21EA-A37C-0414-D7613B353A52}") = "unity3d-simple-push-master", "Assembly-CSharp-firstpass-vs.csproj", "{81A7E232-C899-A595-D924-9BF8C0F8B2C8}"
EndProject
Project("{F8D2323A-21EA-A37C-0414-D7613B353A52}") = "unity3d-simple-push-master", "Assembly-CSharp-vs.csproj", "{EE0D2EEF-4C4C-5AB5-5B66-0A7372FCC274}"
EndProject
Project("{F8D2323A-21EA-A37C-0414-D7613B353A52}") = "unity3d-simple-push-master", "Assembly-CSharp-Editor-vs.csproj", "{91572761-F569-EF55-BFBF-EEAD803726C8}"
EndProject
Global
	GlobalSection(SolutionConfigurationPlatforms) = preSolution
		Debug|Any CPU = Debug|Any CPU
		Release|Any CPU = Release|Any CPU
	EndGlobalSection
	GlobalSection(ProjectConfigurationPlatforms) = postSolution
		{81A7E232-C899-A595-D924-9BF8C0F8B2C8}.Debug|Any CPU.ActiveCfg = Debug|Any CPU
		{81A7E232-C899-A595-D924-9BF8C0F8B2C8}.Debug|Any CPU.Build.0 = Debug|Any CPU
		{81A7E232-C899-A595-D924-9BF8C0F8B2C8}.Release|Any CPU.ActiveCfg = Release|Any CPU
		{81A7E232-C899-A595-D924-9BF8C0F8B2C8}.Release|Any CPU.Build.0 = Release|Any CPU
		{EE0D2EEF-4C4C-5AB5-5B66-0A7372FCC274}.Debug|Any CPU.ActiveCfg = Debug|Any CPU
		{EE0D2EEF-4C4C-5AB5-5B66-0A7372FCC274}.Debug|Any CPU.Build.0 = Debug|Any CPU
		{EE0D2EEF-4C4C-5AB5-5B66-0A7372FCC274}.Release|Any CPU.ActiveCfg = Release|Any CPU
		{EE0D2EEF-4C4C-5AB5-5B66-0A7372FCC274}.Release|Any CPU.Build.0 = Release|Any CPU
		{91572761-F569-EF55-BFBF-EEAD803726C8}.Debug|Any CPU.ActiveCfg = Debug|Any CPU
		{91572761-F569-EF55-BFBF-EEAD803726C8}.Debug|Any CPU.Build.0 = Debug|Any CPU
		{91572761-F569-EF55-BFBF-EEAD803726C8}.Release|Any CPU.ActiveCfg = Release|Any CPU
		{91572761-F569-EF55-BFBF-EEAD803726C8}.Release|Any CPU.Build.0 = Release|Any CPU
	EndGlobalSection
	GlobalSection(SolutionProperties) = preSolution
		HideSolutionNode = FALSE
	EndGlobalSection
		GlobalSection(MonoDevelopProperties) = preSolution
		StartupItem = Assembly-CSharp.csproj
		Policies = $0
		$0.TextStylePolicy = $1
		$1.inheritsSet = null
		$1.scope = text/x-csharp
		$0.CSharpFormattingPolicy = $2
		$2.inheritsSet = Mono
		$2.inheritsScope = text/x-csharp
		$2.scope = text/x-csharp
		$0.TextStylePolicy = $3
		$3.FileWidth = 120
		$3.TabWidth = 4
		$3.EolMarker = Unix
		$3.inheritsSet = Mono
		$3.inheritsScope = text/plain
		$3.scope = text/plain
	EndGlobalSection

EndGlobal
